// !$*UTF8*$!
{
	archiveVersion = 1;
	classes = {
	};
	objectVersion = 46;
	objects = {

/* Begin PBXBuildFile section */
		930CF09E1F5F5C60000B525E /* C07.cpp in Sources */ = {isa = PBXBuildFile; fileRef = 930CF09C1F5F5C60000B525E /* C07.cpp */; };
		93106B321F856724004CFF33 /* Mitarbeiter.cpp in Sources */ = {isa = PBXBuildFile; fileRef = 93106B301F856724004CFF33 /* Mitarbeiter.cpp */; };
		93106B351F856B3B004CFF33 /* Kreis.cpp in Sources */ = {isa = PBXBuildFile; fileRef = 93106B331F856B3B004CFF33 /* Kreis.cpp */; };
		93106B381F8571BD004CFF33 /* Rechteck.cpp in Sources */ = {isa = PBXBuildFile; fileRef = 93106B361F8571BD004CFF33 /* Rechteck.cpp */; };
		93106B3B1F85738C004CFF33 /* Kfz.cpp in Sources */ = {isa = PBXBuildFile; fileRef = 93106B391F85738C004CFF33 /* Kfz.cpp */; };
		93106B3E1F857AD0004CFF33 /* Datum.cpp in Sources */ = {isa = PBXBuildFile; fileRef = 93106B3C1F857AD0004CFF33 /* Datum.cpp */; };
		93106B411F858F26004CFF33 /* Kugel.cpp in Sources */ = {isa = PBXBuildFile; fileRef = 93106B3F1F858F26004CFF33 /* Kugel.cpp */; };
		93106B441F859491004CFF33 /* DynArray.cpp in Sources */ = {isa = PBXBuildFile; fileRef = 93106B421F859491004CFF33 /* DynArray.cpp */; };
		9332E2201F8F62DA008FA89B /* MitarbeiterHengst.cpp in Sources */ = {isa = PBXBuildFile; fileRef = 9332E21E1F8F62DA008FA89B /* MitarbeiterHengst.cpp */; };
		933457F81F8FFDB900C6C50E /* MitarbeiterMalocher.cpp in Sources */ = {isa = PBXBuildFile; fileRef = 933457F61F8FFDB900C6C50E /* MitarbeiterMalocher.cpp */; };
		933457FC1F90092C00C6C50E /* MitarbeiterManager.cpp in Sources */ = {isa = PBXBuildFile; fileRef = 933457FA1F90092C00C6C50E /* MitarbeiterManager.cpp */; };
		9347EAA51F8EC6AF00067343 /* Dreieck.cpp in Sources */ = {isa = PBXBuildFile; fileRef = 9347EAA31F8EC6AF00067343 /* Dreieck.cpp */; };
		936E37A31F589684000FD529 /* main.cpp in Sources */ = {isa = PBXBuildFile; fileRef = 936E37A21F589684000FD529 /* main.cpp */; };
		93831E6A1F61FA8D00011478 /* C08.cpp in Sources */ = {isa = PBXBuildFile; fileRef = 93831E681F61FA8D00011478 /* C08.cpp */; };
		93831E6D1F61FAE600011478 /* lib.cpp in Sources */ = {isa = PBXBuildFile; fileRef = 93831E6B1F61FAE600011478 /* lib.cpp */; };
		93CE91ED1F72794600A7C0D1 /* C09.cpp in Sources */ = {isa = PBXBuildFile; fileRef = 93CE91EB1F72794600A7C0D1 /* C09.cpp */; };
		93F9814A1F59D7580045CEBB /* C06.cpp in Sources */ = {isa = PBXBuildFile; fileRef = 93F981481F59D7580045CEBB /* C06.cpp */; };
/* End PBXBuildFile section */

/* Begin PBXCopyFilesBuildPhase section */
		936E379D1F589684000FD529 /* CopyFiles */ = {
			isa = PBXCopyFilesBuildPhase;
			buildActionMask = 2147483647;
			dstPath = /usr/share/man/man1/;
			dstSubfolderSpec = 0;
			files = (
			);
			runOnlyForDeploymentPostprocessing = 1;
		};
/* End PBXCopyFilesBuildPhase section */

/* Begin PBXFileReference section */
		930CF09C1F5F5C60000B525E /* C07.cpp */ = {isa = PBXFileReference; fileEncoding = 4; lastKnownFileType = sourcecode.cpp.cpp; path = C07.cpp; sourceTree = "<group>"; };
		930CF09D1F5F5C60000B525E /* C07.hpp */ = {isa = PBXFileReference; fileEncoding = 4; lastKnownFileType = sourcecode.cpp.h; path = C07.hpp; sourceTree = "<group>"; };
		93106B301F856724004CFF33 /* Mitarbeiter.cpp */ = {isa = PBXFileReference; fileEncoding = 4; lastKnownFileType = sourcecode.cpp.cpp; path = Mitarbeiter.cpp; sourceTree = "<group>"; };
		93106B311F856724004CFF33 /* Mitarbeiter.hpp */ = {isa = PBXFileReference; fileEncoding = 4; lastKnownFileType = sourcecode.cpp.h; path = Mitarbeiter.hpp; sourceTree = "<group>"; };
		93106B331F856B3B004CFF33 /* Kreis.cpp */ = {isa = PBXFileReference; fileEncoding = 4; lastKnownFileType = sourcecode.cpp.cpp; path = Kreis.cpp; sourceTree = "<group>"; };
		93106B341F856B3B004CFF33 /* Kreis.hpp */ = {isa = PBXFileReference; fileEncoding = 4; lastKnownFileType = sourcecode.cpp.h; path = Kreis.hpp; sourceTree = "<group>"; };
		93106B361F8571BD004CFF33 /* Rechteck.cpp */ = {isa = PBXFileReference; fileEncoding = 4; lastKnownFileType = sourcecode.cpp.cpp; path = Rechteck.cpp; sourceTree = "<group>"; };
		93106B371F8571BD004CFF33 /* Rechteck.hpp */ = {isa = PBXFileReference; fileEncoding = 4; lastKnownFileType = sourcecode.cpp.h; path = Rechteck.hpp; sourceTree = "<group>"; };
		93106B391F85738C004CFF33 /* Kfz.cpp */ = {isa = PBXFileReference; fileEncoding = 4; lastKnownFileType = sourcecode.cpp.cpp; path = Kfz.cpp; sourceTree = "<group>"; };
		93106B3A1F85738C004CFF33 /* Kfz.hpp */ = {isa = PBXFileReference; fileEncoding = 4; lastKnownFileType = sourcecode.cpp.h; path = Kfz.hpp; sourceTree = "<group>"; };
		93106B3C1F857AD0004CFF33 /* Datum.cpp */ = {isa = PBXFileReference; fileEncoding = 4; lastKnownFileType = sourcecode.cpp.cpp; path = Datum.cpp; sourceTree = "<group>"; };
		93106B3D1F857AD0004CFF33 /* Datum.hpp */ = {isa = PBXFileReference; fileEncoding = 4; lastKnownFileType = sourcecode.cpp.h; path = Datum.hpp; sourceTree = "<group>"; };
		93106B3F1F858F26004CFF33 /* Kugel.cpp */ = {isa = PBXFileReference; fileEncoding = 4; lastKnownFileType = sourcecode.cpp.cpp; path = Kugel.cpp; sourceTree = "<group>"; };
		93106B401F858F26004CFF33 /* Kugel.hpp */ = {isa = PBXFileReference; fileEncoding = 4; lastKnownFileType = sourcecode.cpp.h; path = Kugel.hpp; sourceTree = "<group>"; };
		93106B421F859491004CFF33 /* DynArray.cpp */ = {isa = PBXFileReference; fileEncoding = 4; lastKnownFileType = sourcecode.cpp.cpp; path = DynArray.cpp; sourceTree = "<group>"; };
		93106B431F859491004CFF33 /* DynArray.hpp */ = {isa = PBXFileReference; fileEncoding = 4; lastKnownFileType = sourcecode.cpp.h; path = DynArray.hpp; sourceTree = "<group>"; };
		9332E21E1F8F62DA008FA89B /* MitarbeiterHengst.cpp */ = {isa = PBXFileReference; fileEncoding = 4; lastKnownFileType = sourcecode.cpp.cpp; path = MitarbeiterHengst.cpp; sourceTree = "<group>"; };
		9332E21F1F8F62DA008FA89B /* MitarbeiterHengst.hpp */ = {isa = PBXFileReference; fileEncoding = 4; lastKnownFileType = sourcecode.cpp.h; path = MitarbeiterHengst.hpp; sourceTree = "<group>"; };
		933457F61F8FFDB900C6C50E /* MitarbeiterMalocher.cpp */ = {isa = PBXFileReference; fileEncoding = 4; lastKnownFileType = sourcecode.cpp.cpp; path = MitarbeiterMalocher.cpp; sourceTree = "<group>"; };
		933457F71F8FFDB900C6C50E /* MitarbeiterMalocher.hpp */ = {isa = PBXFileReference; fileEncoding = 4; lastKnownFileType = sourcecode.cpp.h; path = MitarbeiterMalocher.hpp; sourceTree = "<group>"; };
		933457FA1F90092C00C6C50E /* MitarbeiterManager.cpp */ = {isa = PBXFileReference; fileEncoding = 4; lastKnownFileType = sourcecode.cpp.cpp; path = MitarbeiterManager.cpp; sourceTree = "<group>"; };
		933457FB1F90092C00C6C50E /* MitarbeiterManager.hpp */ = {isa = PBXFileReference; fileEncoding = 4; lastKnownFileType = sourcecode.cpp.h; path = MitarbeiterManager.hpp; sourceTree = "<group>"; };
		9347EAA31F8EC6AF00067343 /* Dreieck.cpp */ = {isa = PBXFileReference; fileEncoding = 4; lastKnownFileType = sourcecode.cpp.cpp; path = Dreieck.cpp; sourceTree = "<group>"; };
		9347EAA41F8EC6AF00067343 /* Dreieck.hpp */ = {isa = PBXFileReference; fileEncoding = 4; lastKnownFileType = sourcecode.cpp.h; path = Dreieck.hpp; sourceTree = "<group>"; };
		936E379F1F589684000FD529 /* ae_bwv_sophomore */ = {isa = PBXFileReference; explicitFileType = "compiled.mach-o.executable"; includeInIndex = 0; path = ae_bwv_sophomore; sourceTree = BUILT_PRODUCTS_DIR; };
		936E37A21F589684000FD529 /* main.cpp */ = {isa = PBXFileReference; lastKnownFileType = sourcecode.cpp.cpp; path = main.cpp; sourceTree = "<group>"; };
		93831E681F61FA8D00011478 /* C08.cpp */ = {isa = PBXFileReference; fileEncoding = 4; lastKnownFileType = sourcecode.cpp.cpp; path = C08.cpp; sourceTree = "<group>"; };
		93831E691F61FA8D00011478 /* C08.hpp */ = {isa = PBXFileReference; fileEncoding = 4; lastKnownFileType = sourcecode.cpp.h; path = C08.hpp; sourceTree = "<group>"; };
		93831E6B1F61FAE600011478 /* lib.cpp */ = {isa = PBXFileReference; fileEncoding = 4; lastKnownFileType = sourcecode.cpp.cpp; path = lib.cpp; sourceTree = "<group>"; };
		93831E6C1F61FAE600011478 /* lib.hpp */ = {isa = PBXFileReference; fileEncoding = 4; lastKnownFileType = sourcecode.cpp.h; path = lib.hpp; sourceTree = "<group>"; };
		93CE91EB1F72794600A7C0D1 /* C09.cpp */ = {isa = PBXFileReference; fileEncoding = 4; lastKnownFileType = sourcecode.cpp.cpp; path = C09.cpp; sourceTree = "<group>"; };
		93CE91EC1F72794600A7C0D1 /* C09.hpp */ = {isa = PBXFileReference; fileEncoding = 4; lastKnownFileType = sourcecode.cpp.h; path = C09.hpp; sourceTree = "<group>"; };
		93F981481F59D7580045CEBB /* C06.cpp */ = {isa = PBXFileReference; fileEncoding = 4; lastKnownFileType = sourcecode.cpp.cpp; path = C06.cpp; sourceTree = "<group>"; };
		93F981491F59D7580045CEBB /* C06.hpp */ = {isa = PBXFileReference; fileEncoding = 4; lastKnownFileType = sourcecode.cpp.h; path = C06.hpp; sourceTree = "<group>"; };
/* End PBXFileReference section */

/* Begin PBXFrameworksBuildPhase section */
		936E379C1F589684000FD529 /* Frameworks */ = {
			isa = PBXFrameworksBuildPhase;
			buildActionMask = 2147483647;
			files = (
			);
			runOnlyForDeploymentPostprocessing = 0;
		};
/* End PBXFrameworksBuildPhase section */

/* Begin PBXGroup section */
		93106B2F1F856724004CFF33 /* lib */ = {
			isa = PBXGroup;
			children = (
				93106B421F859491004CFF33 /* DynArray.cpp */,
				93106B431F859491004CFF33 /* DynArray.hpp */,
				93106B3F1F858F26004CFF33 /* Kugel.cpp */,
				93106B401F858F26004CFF33 /* Kugel.hpp */,
				93106B3C1F857AD0004CFF33 /* Datum.cpp */,
				93106B3D1F857AD0004CFF33 /* Datum.hpp */,
				93106B391F85738C004CFF33 /* Kfz.cpp */,
				93106B3A1F85738C004CFF33 /* Kfz.hpp */,
				93106B361F8571BD004CFF33 /* Rechteck.cpp */,
				93106B371F8571BD004CFF33 /* Rechteck.hpp */,
				93106B331F856B3B004CFF33 /* Kreis.cpp */,
				93106B341F856B3B004CFF33 /* Kreis.hpp */,
				9347EAA31F8EC6AF00067343 /* Dreieck.cpp */,
				9347EAA41F8EC6AF00067343 /* Dreieck.hpp */,
				933457FA1F90092C00C6C50E /* MitarbeiterManager.cpp */,
				933457FB1F90092C00C6C50E /* MitarbeiterManager.hpp */,
				933457F61F8FFDB900C6C50E /* MitarbeiterMalocher.cpp */,
				933457F71F8FFDB900C6C50E /* MitarbeiterMalocher.hpp */,
				9332E21E1F8F62DA008FA89B /* MitarbeiterHengst.cpp */,
				9332E21F1F8F62DA008FA89B /* MitarbeiterHengst.hpp */,
				93106B301F856724004CFF33 /* Mitarbeiter.cpp */,
				93106B311F856724004CFF33 /* Mitarbeiter.hpp */,
			);
			path = lib;
			sourceTree = "<group>";
		};
		936E37961F589684000FD529 = {
			isa = PBXGroup;
			children = (
				936E37A11F589684000FD529 /* ae_bwv_sophomore */,
			);
			sourceTree = "<group>";
		};
		936E37A01F589684000FD529 /* Products */ = {
			isa = PBXGroup;
			children = (
				936E379F1F589684000FD529 /* ae_bwv_sophomore */,
			);
			name = Products;
			path = ..;
			sourceTree = "<group>";
		};
		936E37A11F589684000FD529 /* ae_bwv_sophomore */ = {
			isa = PBXGroup;
			children = (
				93106B2F1F856724004CFF33 /* lib */,
				93F981471F59D7580045CEBB /* chapters */,
				936E37A21F589684000FD529 /* main.cpp */,
				936E37A01F589684000FD529 /* Products */,
			);
			path = ae_bwv_sophomore;
			sourceTree = "<group>";
		};
		93F981471F59D7580045CEBB /* chapters */ = {
			isa = PBXGroup;
			children = (
				93831E6B1F61FAE600011478 /* lib.cpp */,
				93831E6C1F61FAE600011478 /* lib.hpp */,
				93CE91EB1F72794600A7C0D1 /* C09.cpp */,
				93CE91EC1F72794600A7C0D1 /* C09.hpp */,
				93831E681F61FA8D00011478 /* C08.cpp */,
				93831E691F61FA8D00011478 /* C08.hpp */,
				930CF09C1F5F5C60000B525E /* C07.cpp */,
				930CF09D1F5F5C60000B525E /* C07.hpp */,
				93F981481F59D7580045CEBB /* C06.cpp */,
				93F981491F59D7580045CEBB /* C06.hpp */,
			);
			path = chapters;
			sourceTree = "<group>";
		};
/* End PBXGroup section */

/* Begin PBXNativeTarget section */
		936E379E1F589684000FD529 /* ae_bwv_sophomore */ = {
			isa = PBXNativeTarget;
			buildConfigurationList = 936E37A61F589684000FD529 /* Build configuration list for PBXNativeTarget "ae_bwv_sophomore" */;
			buildPhases = (
				936E379B1F589684000FD529 /* Sources */,
				936E379C1F589684000FD529 /* Frameworks */,
				936E379D1F589684000FD529 /* CopyFiles */,
			);
			buildRules = (
			);
			dependencies = (
			);
			name = ae_bwv_sophomore;
			productName = ae_bwv_sophomore;
			productReference = 936E379F1F589684000FD529 /* ae_bwv_sophomore */;
			productType = "com.apple.product-type.tool";
		};
/* End PBXNativeTarget section */

/* Begin PBXProject section */
		936E37971F589684000FD529 /* Project object */ = {
			isa = PBXProject;
			attributes = {
				LastUpgradeCheck = 0830;
				TargetAttributes = {
					936E379E1F589684000FD529 = {
						CreatedOnToolsVersion = 8.3.3;
						ProvisioningStyle = Automatic;
					};
				};
			};
			buildConfigurationList = 936E379A1F589684000FD529 /* Build configuration list for PBXProject "ae_bwv_sophomore" */;
			compatibilityVersion = "Xcode 3.2";
			developmentRegion = English;
			hasScannedForEncodings = 0;
			knownRegions = (
				en,
			);
			mainGroup = 936E37961F589684000FD529;
			productRefGroup = 936E37A01F589684000FD529 /* Products */;
			projectDirPath = "";
			projectRoot = "";
			targets = (
				936E379E1F589684000FD529 /* ae_bwv_sophomore */,
			);
		};
/* End PBXProject section */

/* Begin PBXSourcesBuildPhase section */
		936E379B1F589684000FD529 /* Sources */ = {
			isa = PBXSourcesBuildPhase;
			buildActionMask = 2147483647;
			files = (
				93106B321F856724004CFF33 /* Mitarbeiter.cpp in Sources */,
				93CE91ED1F72794600A7C0D1 /* C09.cpp in Sources */,
				93106B441F859491004CFF33 /* DynArray.cpp in Sources */,
				9347EAA51F8EC6AF00067343 /* Dreieck.cpp in Sources */,
				93831E6D1F61FAE600011478 /* lib.cpp in Sources */,
				930CF09E1F5F5C60000B525E /* C07.cpp in Sources */,
				936E37A31F589684000FD529 /* main.cpp in Sources */,
				93F9814A1F59D7580045CEBB /* C06.cpp in Sources */,
				93106B351F856B3B004CFF33 /* Kreis.cpp in Sources */,
				93106B381F8571BD004CFF33 /* Rechteck.cpp in Sources */,
				9332E2201F8F62DA008FA89B /* MitarbeiterHengst.cpp in Sources */,
				933457F81F8FFDB900C6C50E /* MitarbeiterMalocher.cpp in Sources */,
				93831E6A1F61FA8D00011478 /* C08.cpp in Sources */,
				93106B3E1F857AD0004CFF33 /* Datum.cpp in Sources */,
				933457FC1F90092C00C6C50E /* MitarbeiterManager.cpp in Sources */,
				93106B411F858F26004CFF33 /* Kugel.cpp in Sources */,
				93106B3B1F85738C004CFF33 /* Kfz.cpp in Sources */,
			);
			runOnlyForDeploymentPostprocessing = 0;
		};
/* End PBXSourcesBuildPhase section */

/* Begin XCBuildConfiguration section */
		936E37A41F589684000FD529 /* Debug */ = {
			isa = XCBuildConfiguration;
			buildSettings = {
				ALWAYS_SEARCH_USER_PATHS = NO;
				CLANG_ANALYZER_NONNULL = YES;
				CLANG_ANALYZER_NUMBER_OBJECT_CONVERSION = YES_AGGRESSIVE;
				CLANG_CXX_LANGUAGE_STANDARD = "gnu++0x";
				CLANG_CXX_LIBRARY = "libc++";
				CLANG_ENABLE_MODULES = YES;
				CLANG_ENABLE_OBJC_ARC = YES;
				CLANG_WARN_BOOL_CONVERSION = YES;
				CLANG_WARN_CONSTANT_CONVERSION = YES;
				CLANG_WARN_DIRECT_OBJC_ISA_USAGE = YES_ERROR;
				CLANG_WARN_DOCUMENTATION_COMMENTS = YES;
				CLANG_WARN_EMPTY_BODY = YES;
				CLANG_WARN_ENUM_CONVERSION = YES;
				CLANG_WARN_INFINITE_RECURSION = YES;
				CLANG_WARN_INT_CONVERSION = YES;
				CLANG_WARN_OBJC_ROOT_CLASS = YES_ERROR;
				CLANG_WARN_SUSPICIOUS_MOVE = YES;
				CLANG_WARN_UNREACHABLE_CODE = YES;
				CLANG_WARN__DUPLICATE_METHOD_MATCH = YES;
				CODE_SIGN_IDENTITY = "-";
				COPY_PHASE_STRIP = NO;
				DEBUG_INFORMATION_FORMAT = dwarf;
				ENABLE_STRICT_OBJC_MSGSEND = YES;
				ENABLE_TESTABILITY = YES;
				GCC_C_LANGUAGE_STANDARD = gnu99;
				GCC_DYNAMIC_NO_PIC = NO;
				GCC_NO_COMMON_BLOCKS = YES;
				GCC_OPTIMIZATION_LEVEL = 0;
				GCC_PREPROCESSOR_DEFINITIONS = (
					"DEBUG=1",
					"$(inherited)",
				);
				GCC_WARN_64_TO_32_BIT_CONVERSION = YES;
				GCC_WARN_ABOUT_RETURN_TYPE = YES_ERROR;
				GCC_WARN_UNDECLARED_SELECTOR = YES;
				GCC_WARN_UNINITIALIZED_AUTOS = YES_AGGRESSIVE;
				GCC_WARN_UNUSED_FUNCTION = YES;
				GCC_WARN_UNUSED_VARIABLE = YES;
				MACOSX_DEPLOYMENT_TARGET = 10.12;
				MTL_ENABLE_DEBUG_INFO = YES;
				ONLY_ACTIVE_ARCH = YES;
				SDKROOT = macosx;
			};
			name = Debug;
		};
		936E37A51F589684000FD529 /* Release */ = {
			isa = XCBuildConfiguration;
			buildSettings = {
				ALWAYS_SEARCH_USER_PATHS = NO;
				CLANG_ANALYZER_NONNULL = YES;
				CLANG_ANALYZER_NUMBER_OBJECT_CONVERSION = YES_AGGRESSIVE;
				CLANG_CXX_LANGUAGE_STANDARD = "gnu++0x";
				CLANG_CXX_LIBRARY = "libc++";
				CLANG_ENABLE_MODULES = YES;
				CLANG_ENABLE_OBJC_ARC = YES;
				CLANG_WARN_BOOL_CONVERSION = YES;
				CLANG_WARN_CONSTANT_CONVERSION = YES;
				CLANG_WARN_DIRECT_OBJC_ISA_USAGE = YES_ERROR;
				CLANG_WARN_DOCUMENTATION_COMMENTS = YES;
				CLANG_WARN_EMPTY_BODY = YES;
				CLANG_WARN_ENUM_CONVERSION = YES;
				CLANG_WARN_INFINITE_RECURSION = YES;
				CLANG_WARN_INT_CONVERSION = YES;
				CLANG_WARN_OBJC_ROOT_CLASS = YES_ERROR;
				CLANG_WARN_SUSPICIOUS_MOVE = YES;
				CLANG_WARN_UNREACHABLE_CODE = YES;
				CLANG_WARN__DUPLICATE_METHOD_MATCH = YES;
				CODE_SIGN_IDENTITY = "-";
				COPY_PHASE_STRIP = NO;
				DEBUG_INFORMATION_FORMAT = "dwarf-with-dsym";
				ENABLE_NS_ASSERTIONS = NO;
				ENABLE_STRICT_OBJC_MSGSEND = YES;
				GCC_C_LANGUAGE_STANDARD = gnu99;
				GCC_NO_COMMON_BLOCKS = YES;
				GCC_WARN_64_TO_32_BIT_CONVERSION = YES;
				GCC_WARN_ABOUT_RETURN_TYPE = YES_ERROR;
				GCC_WARN_UNDECLARED_SELECTOR = YES;
				GCC_WARN_UNINITIALIZED_AUTOS = YES_AGGRESSIVE;
				GCC_WARN_UNUSED_FUNCTION = YES;
				GCC_WARN_UNUSED_VARIABLE = YES;
				MACOSX_DEPLOYMENT_TARGET = 10.12;
				MTL_ENABLE_DEBUG_INFO = NO;
				SDKROOT = macosx;
			};
			name = Release;
		};
		936E37A71F589684000FD529 /* Debug */ = {
			isa = XCBuildConfiguration;
			buildSettings = {
				PRODUCT_NAME = "$(TARGET_NAME)";
			};
			name = Debug;
		};
		936E37A81F589684000FD529 /* Release */ = {
			isa = XCBuildConfiguration;
			buildSettings = {
				PRODUCT_NAME = "$(TARGET_NAME)";
			};
			name = Release;
		};
/* End XCBuildConfiguration section */

/* Begin XCConfigurationList section */
		936E379A1F589684000FD529 /* Build configuration list for PBXProject "ae_bwv_sophomore" */ = {
			isa = XCConfigurationList;
			buildConfigurations = (
				936E37A41F589684000FD529 /* Debug */,
				936E37A51F589684000FD529 /* Release */,
			);
			defaultConfigurationIsVisible = 0;
			defaultConfigurationName = Release;
		};
		936E37A61F589684000FD529 /* Build configuration list for PBXNativeTarget "ae_bwv_sophomore" */ = {
			isa = XCConfigurationList;
			buildConfigurations = (
				936E37A71F589684000FD529 /* Debug */,
				936E37A81F589684000FD529 /* Release */,
			);
			defaultConfigurationIsVisible = 0;
			defaultConfigurationName = Release;
		};
/* End XCConfigurationList section */
	};
	rootObject = 936E37971F589684000FD529 /* Project object */;
}
