// !$*UTF8*$!
{
	archiveVersion = 1;
	classes = {
	};
	objectVersion = 46;
	objects = {

/* Begin PBXBuildFile section */
		930CF09E1F5F5C60000B525E /* C07.cpp in Sources */ = {isa = PBXBuildFile; fileRef = 930CF09C1F5F5C60000B525E /* C07.cpp */; };
		93106B321F856724004CFF33 /* Mitarbeiter.cpp in Sources */ = {isa = PBXBuildFile; fileRef = 93106B301F856724004CFF33 /* Mitarbeiter.cpp */; };
		93106B351F856B3B004CFF33 /* Kreis.cpp in Sources */ = {isa = PBXBuildFile; fileRef = 93106B331F856B3B004CFF33 /* Kreis.cpp */; };
		93106B381F8571BD004CFF33 /* Rechteck.cpp in Sources */ = {isa = PBXBuildFile; fileRef = 93106B361F8571BD004CFF33 /* Rechteck.cpp */; };
		93106B3B1F85738C004CFF33 /* Kfz.cpp in Sources */ = {isa = PBXBuildFile; fileRef = 93106B391F85738C004CFF33 /* Kfz.cpp */; };
		93106B3E1F857AD0004CFF33 /* Datum.cpp in Sources */ = {isa = PBXBuildFile; fileRef = 93106B3C1F857AD0004CFF33 /* Datum.cpp */; };
		93106B411F858F26004CFF33 /* Kugel.cpp in Sources */ = {isa = PBXBuildFile; fileRef = 93106B3F1F858F26004CFF33 /* Kugel.cpp */; };
		93106B441F859491004CFF33 /* DynArray.cpp in Sources */ = {isa = PBXBuildFile; fileRef = 93106B421F859491004CFF33 /* DynArray.cpp */; };
		932858381FD7375F00BCD6EB /* Figur.cpp in Sources */ = {isa = PBXBuildFile; fileRef = 932858361FD7375F00BCD6EB /* Figur.cpp */; };
		9328583C1FD7398C00BCD6EB /* Stern.cpp in Sources */ = {isa = PBXBuildFile; fileRef = 9328583A1FD7398C00BCD6EB /* Stern.cpp */; };
		9332E2201F8F62DA008FA89B /* MitarbeiterHengst.cpp in Sources */ = {isa = PBXBuildFile; fileRef = 9332E21E1F8F62DA008FA89B /* MitarbeiterHengst.cpp */; };
		933457F81F8FFDB900C6C50E /* MitarbeiterMalocher.cpp in Sources */ = {isa = PBXBuildFile; fileRef = 933457F61F8FFDB900C6C50E /* MitarbeiterMalocher.cpp */; };
		933457FC1F90092C00C6C50E /* MitarbeiterManager.cpp in Sources */ = {isa = PBXBuildFile; fileRef = 933457FA1F90092C00C6C50E /* MitarbeiterManager.cpp */; };
		9347EAA51F8EC6AF00067343 /* Dreieck.cpp in Sources */ = {isa = PBXBuildFile; fileRef = 9347EAA31F8EC6AF00067343 /* Dreieck.cpp */; };
		93642CFE1FB456AB00472F4D /* ZweiDFigur.cpp in Sources */ = {isa = PBXBuildFile; fileRef = 93642CFC1FB456AB00472F4D /* ZweiDFigur.cpp */; };
		93642D011FB458DE00472F4D /* NEck.cpp in Sources */ = {isa = PBXBuildFile; fileRef = 93642CFF1FB458DE00472F4D /* NEck.cpp */; };
		936E37A31F589684000FD529 /* main.cpp in Sources */ = {isa = PBXBuildFile; fileRef = 936E37A21F589684000FD529 /* main.cpp */; };
		9376D77A1FBD7DFE0007FC13 /* Schachbrett.cpp in Sources */ = {isa = PBXBuildFile; fileRef = 9376D7781FBD7DFE0007FC13 /* Schachbrett.cpp */; };
		93831E6A1F61FA8D00011478 /* C08.cpp in Sources */ = {isa = PBXBuildFile; fileRef = 93831E681F61FA8D00011478 /* C08.cpp */; };
		93831E6D1F61FAE600011478 /* lib.cpp in Sources */ = {isa = PBXBuildFile; fileRef = 93831E6B1F61FAE600011478 /* lib.cpp */; };
		93A781401FD4847900E53303 /* Artikel.cpp in Sources */ = {isa = PBXBuildFile; fileRef = 93A7813E1FD4847900E53303 /* Artikel.cpp */; };
		93A781431FD4848100E53303 /* Leihartikel.cpp in Sources */ = {isa = PBXBuildFile; fileRef = 93A781411FD4848100E53303 /* Leihartikel.cpp */; };
		93CE91ED1F72794600A7C0D1 /* C09.cpp in Sources */ = {isa = PBXBuildFile; fileRef = 93CE91EB1F72794600A7C0D1 /* C09.cpp */; };
		93D7C6A21FD94A0700790BE5 /* DreiDFigur.cpp in Sources */ = {isa = PBXBuildFile; fileRef = 93D7C6A01FD94A0700790BE5 /* DreiDFigur.cpp */; };
		93E2DF3C1F9685BB0014BEC6 /* KfzPersonentransportfahrzeug.cpp in Sources */ = {isa = PBXBuildFile; fileRef = 93E2DF3A1F9685BB0014BEC6 /* KfzPersonentransportfahrzeug.cpp */; };
		93E2DF3F1F968D410014BEC6 /* KfzBus.cpp in Sources */ = {isa = PBXBuildFile; fileRef = 93E2DF3D1F968D410014BEC6 /* KfzBus.cpp */; };
		93E2DF421F9692290014BEC6 /* KfzPkw.cpp in Sources */ = {isa = PBXBuildFile; fileRef = 93E2DF401F9692290014BEC6 /* KfzPkw.cpp */; };
		93E2DF451F9696BB0014BEC6 /* KfzLkw.cpp in Sources */ = {isa = PBXBuildFile; fileRef = 93E2DF431F9696BB0014BEC6 /* KfzLkw.cpp */; };
		93EE58251F989984004729AE /* Schachfigur.cpp in Sources */ = {isa = PBXBuildFile; fileRef = 93EE58231F989984004729AE /* Schachfigur.cpp */; };
		93EE58281F989CA1004729AE /* SchachfigurSpringer.cpp in Sources */ = {isa = PBXBuildFile; fileRef = 93EE58261F989CA1004729AE /* SchachfigurSpringer.cpp */; };
		93F9814A1F59D7580045CEBB /* C06.cpp in Sources */ = {isa = PBXBuildFile; fileRef = 93F981481F59D7580045CEBB /* C06.cpp */; };
/* End PBXBuildFile section */

/* Begin PBXCopyFilesBuildPhase section */
		936E379D1F589684000FD529 /* CopyFiles */ = {
			isa = PBXCopyFilesBuildPhase;
			buildActionMask = 2147483647;
			dstPath = /usr/share/man/man1/;
			dstSubfolderSpec = 0;
			files = (
			);
			runOnlyForDeploymentPostprocessing = 1;
		};
/* End PBXCopyFilesBuildPhase section */

/* Begin PBXFileReference section */
		930CF09C1F5F5C60000B525E /* C07.cpp */ = {isa = PBXFileReference; fileEncoding = 4; lastKnownFileType = sourcecode.cpp.cpp; path = C07.cpp; sourceTree = "<group>"; };
		930CF09D1F5F5C60000B525E /* C07.hpp */ = {isa = PBXFileReference; fileEncoding = 4; lastKnownFileType = sourcecode.cpp.h; path = C07.hpp; sourceTree = "<group>"; };
		93106B301F856724004CFF33 /* Mitarbeiter.cpp */ = {isa = PBXFileReference; fileEncoding = 4; lastKnownFileType = sourcecode.cpp.cpp; path = Mitarbeiter.cpp; sourceTree = "<group>"; };
		93106B311F856724004CFF33 /* Mitarbeiter.hpp */ = {isa = PBXFileReference; fileEncoding = 4; lastKnownFileType = sourcecode.cpp.h; path = Mitarbeiter.hpp; sourceTree = "<group>"; };
		93106B331F856B3B004CFF33 /* Kreis.cpp */ = {isa = PBXFileReference; fileEncoding = 4; lastKnownFileType = sourcecode.cpp.cpp; name = Kreis.cpp; path = ../Kreis.cpp; sourceTree = "<group>"; };
		93106B341F856B3B004CFF33 /* Kreis.hpp */ = {isa = PBXFileReference; fileEncoding = 4; lastKnownFileType = sourcecode.cpp.h; name = Kreis.hpp; path = ../Kreis.hpp; sourceTree = "<group>"; };
		93106B361F8571BD004CFF33 /* Rechteck.cpp */ = {isa = PBXFileReference; fileEncoding = 4; lastKnownFileType = sourcecode.cpp.cpp; name = Rechteck.cpp; path = ../Rechteck.cpp; sourceTree = "<group>"; };
		93106B371F8571BD004CFF33 /* Rechteck.hpp */ = {isa = PBXFileReference; fileEncoding = 4; lastKnownFileType = sourcecode.cpp.h; name = Rechteck.hpp; path = ../Rechteck.hpp; sourceTree = "<group>"; };
		93106B391F85738C004CFF33 /* Kfz.cpp */ = {isa = PBXFileReference; fileEncoding = 4; lastKnownFileType = sourcecode.cpp.cpp; path = Kfz.cpp; sourceTree = "<group>"; };
		93106B3A1F85738C004CFF33 /* Kfz.hpp */ = {isa = PBXFileReference; fileEncoding = 4; lastKnownFileType = sourcecode.cpp.h; path = Kfz.hpp; sourceTree = "<group>"; };
		93106B3C1F857AD0004CFF33 /* Datum.cpp */ = {isa = PBXFileReference; fileEncoding = 4; lastKnownFileType = sourcecode.cpp.cpp; name = Datum.cpp; path = lib/Datum.cpp; sourceTree = "<group>"; };
		93106B3D1F857AD0004CFF33 /* Datum.hpp */ = {isa = PBXFileReference; fileEncoding = 4; lastKnownFileType = sourcecode.cpp.h; name = Datum.hpp; path = lib/Datum.hpp; sourceTree = "<group>"; };
		93106B3F1F858F26004CFF33 /* Kugel.cpp */ = {isa = PBXFileReference; fileEncoding = 4; lastKnownFileType = sourcecode.cpp.cpp; name = Kugel.cpp; path = ../Kugel.cpp; sourceTree = "<group>"; };
		93106B401F858F26004CFF33 /* Kugel.hpp */ = {isa = PBXFileReference; fileEncoding = 4; lastKnownFileType = sourcecode.cpp.h; name = Kugel.hpp; path = ../Kugel.hpp; sourceTree = "<group>"; };
		93106B421F859491004CFF33 /* DynArray.cpp */ = {isa = PBXFileReference; fileEncoding = 4; lastKnownFileType = sourcecode.cpp.cpp; path = DynArray.cpp; sourceTree = "<group>"; };
		93106B431F859491004CFF33 /* DynArray.hpp */ = {isa = PBXFileReference; fileEncoding = 4; lastKnownFileType = sourcecode.cpp.h; path = DynArray.hpp; sourceTree = "<group>"; };
		932858341FD72E4100BCD6EB /* 3D_Figuren.xml */ = {isa = PBXFileReference; fileEncoding = 4; lastKnownFileType = text.xml; path = 3D_Figuren.xml; sourceTree = "<group>"; };
		932858351FD72E4100BCD6EB /* 3D_Figuren.png */ = {isa = PBXFileReference; lastKnownFileType = image.png; path = 3D_Figuren.png; sourceTree = "<group>"; };
		932858361FD7375F00BCD6EB /* Figur.cpp */ = {isa = PBXFileReference; fileEncoding = 4; lastKnownFileType = sourcecode.cpp.cpp; path = Figur.cpp; sourceTree = "<group>"; };
		932858371FD7375F00BCD6EB /* Figur.hpp */ = {isa = PBXFileReference; fileEncoding = 4; lastKnownFileType = sourcecode.cpp.h; path = Figur.hpp; sourceTree = "<group>"; };
		9328583A1FD7398C00BCD6EB /* Stern.cpp */ = {isa = PBXFileReference; fileEncoding = 4; lastKnownFileType = sourcecode.cpp.cpp; path = Stern.cpp; sourceTree = "<group>"; };
		9328583B1FD7398C00BCD6EB /* Stern.hpp */ = {isa = PBXFileReference; fileEncoding = 4; lastKnownFileType = sourcecode.cpp.h; path = Stern.hpp; sourceTree = "<group>"; };
		9332E21E1F8F62DA008FA89B /* MitarbeiterHengst.cpp */ = {isa = PBXFileReference; fileEncoding = 4; lastKnownFileType = sourcecode.cpp.cpp; path = MitarbeiterHengst.cpp; sourceTree = "<group>"; };
		9332E21F1F8F62DA008FA89B /* MitarbeiterHengst.hpp */ = {isa = PBXFileReference; fileEncoding = 4; lastKnownFileType = sourcecode.cpp.h; path = MitarbeiterHengst.hpp; sourceTree = "<group>"; };
		933457F61F8FFDB900C6C50E /* MitarbeiterMalocher.cpp */ = {isa = PBXFileReference; fileEncoding = 4; lastKnownFileType = sourcecode.cpp.cpp; path = MitarbeiterMalocher.cpp; sourceTree = "<group>"; };
		933457F71F8FFDB900C6C50E /* MitarbeiterMalocher.hpp */ = {isa = PBXFileReference; fileEncoding = 4; lastKnownFileType = sourcecode.cpp.h; path = MitarbeiterMalocher.hpp; sourceTree = "<group>"; };
		933457FA1F90092C00C6C50E /* MitarbeiterManager.cpp */ = {isa = PBXFileReference; fileEncoding = 4; lastKnownFileType = sourcecode.cpp.cpp; path = MitarbeiterManager.cpp; sourceTree = "<group>"; };
		933457FB1F90092C00C6C50E /* MitarbeiterManager.hpp */ = {isa = PBXFileReference; fileEncoding = 4; lastKnownFileType = sourcecode.cpp.h; path = MitarbeiterManager.hpp; sourceTree = "<group>"; };
		934542F01F9176CF0034155E /* ClassKfz.png */ = {isa = PBXFileReference; lastKnownFileType = image.png; path = ClassKfz.png; sourceTree = "<group>"; };
		934542F11F9176CF0034155E /* ClassKfz.xml */ = {isa = PBXFileReference; fileEncoding = 4; lastKnownFileType = text.xml; path = ClassKfz.xml; sourceTree = "<group>"; };
		934542F21F9176CF0034155E /* ClassMitarbeiter.png */ = {isa = PBXFileReference; lastKnownFileType = image.png; path = ClassMitarbeiter.png; sourceTree = "<group>"; };
		934542F31F9176CF0034155E /* ClassMitarbeiter.xml */ = {isa = PBXFileReference; fileEncoding = 4; lastKnownFileType = text.xml; path = ClassMitarbeiter.xml; sourceTree = "<group>"; };
		934542F41F9176CF0034155E /* Medien.png */ = {isa = PBXFileReference; lastKnownFileType = image.png; path = Medien.png; sourceTree = "<group>"; };
		934542F51F9176CF0034155E /* Medien.xml */ = {isa = PBXFileReference; fileEncoding = 4; lastKnownFileType = text.xml; path = Medien.xml; sourceTree = "<group>"; };
		9347EAA31F8EC6AF00067343 /* Dreieck.cpp */ = {isa = PBXFileReference; fileEncoding = 4; lastKnownFileType = sourcecode.cpp.cpp; name = Dreieck.cpp; path = ../Dreieck.cpp; sourceTree = "<group>"; };
		9347EAA41F8EC6AF00067343 /* Dreieck.hpp */ = {isa = PBXFileReference; fileEncoding = 4; lastKnownFileType = sourcecode.cpp.h; name = Dreieck.hpp; path = ../Dreieck.hpp; sourceTree = "<group>"; };
		934E4E281FD7E4AF004821DD /* 2D_Figuren.png */ = {isa = PBXFileReference; lastKnownFileType = image.png; path = 2D_Figuren.png; sourceTree = "<group>"; };
		934E4E291FD7E4AF004821DD /* 2D_Figuren.xml */ = {isa = PBXFileReference; fileEncoding = 4; lastKnownFileType = text.xml; path = 2D_Figuren.xml; sourceTree = "<group>"; };
		93642CFC1FB456AB00472F4D /* ZweiDFigur.cpp */ = {isa = PBXFileReference; fileEncoding = 4; lastKnownFileType = sourcecode.cpp.cpp; name = ZweiDFigur.cpp; path = ae_bwv_sophomore/lib/ZweiDFigur.cpp; sourceTree = SOURCE_ROOT; };
		93642CFD1FB456AB00472F4D /* ZweiDFigur.hpp */ = {isa = PBXFileReference; fileEncoding = 4; lastKnownFileType = sourcecode.cpp.h; name = ZweiDFigur.hpp; path = ae_bwv_sophomore/lib/ZweiDFigur.hpp; sourceTree = SOURCE_ROOT; };
		93642CFF1FB458DE00472F4D /* NEck.cpp */ = {isa = PBXFileReference; fileEncoding = 4; lastKnownFileType = sourcecode.cpp.cpp; path = NEck.cpp; sourceTree = "<group>"; };
		93642D001FB458DE00472F4D /* NEck.hpp */ = {isa = PBXFileReference; fileEncoding = 4; lastKnownFileType = sourcecode.cpp.h; path = NEck.hpp; sourceTree = "<group>"; };
		936E379F1F589684000FD529 /* ae_bwv_sophomore */ = {isa = PBXFileReference; explicitFileType = "compiled.mach-o.executable"; includeInIndex = 0; path = ae_bwv_sophomore; sourceTree = BUILT_PRODUCTS_DIR; };
		936E37A21F589684000FD529 /* main.cpp */ = {isa = PBXFileReference; lastKnownFileType = sourcecode.cpp.cpp; path = main.cpp; sourceTree = "<group>"; };
		9376D7781FBD7DFE0007FC13 /* Schachbrett.cpp */ = {isa = PBXFileReference; fileEncoding = 4; lastKnownFileType = sourcecode.cpp.cpp; path = Schachbrett.cpp; sourceTree = "<group>"; };
		9376D7791FBD7DFE0007FC13 /* Schachbrett.hpp */ = {isa = PBXFileReference; fileEncoding = 4; lastKnownFileType = sourcecode.cpp.h; path = Schachbrett.hpp; sourceTree = "<group>"; };
		93831E681F61FA8D00011478 /* C08.cpp */ = {isa = PBXFileReference; fileEncoding = 4; lastKnownFileType = sourcecode.cpp.cpp; path = C08.cpp; sourceTree = "<group>"; };
		93831E691F61FA8D00011478 /* C08.hpp */ = {isa = PBXFileReference; fileEncoding = 4; lastKnownFileType = sourcecode.cpp.h; path = C08.hpp; sourceTree = "<group>"; };
		93831E6B1F61FAE600011478 /* lib.cpp */ = {isa = PBXFileReference; fileEncoding = 4; lastKnownFileType = sourcecode.cpp.cpp; path = lib.cpp; sourceTree = "<group>"; };
		93831E6C1F61FAE600011478 /* lib.hpp */ = {isa = PBXFileReference; fileEncoding = 4; lastKnownFileType = sourcecode.cpp.h; path = lib.hpp; sourceTree = "<group>"; };
		93A7813E1FD4847900E53303 /* Artikel.cpp */ = {isa = PBXFileReference; fileEncoding = 4; lastKnownFileType = sourcecode.cpp.cpp; name = Artikel.cpp; path = lib/Artikel.cpp; sourceTree = "<group>"; };
		93A7813F1FD4847900E53303 /* Artikel.hpp */ = {isa = PBXFileReference; fileEncoding = 4; lastKnownFileType = sourcecode.cpp.h; name = Artikel.hpp; path = lib/Artikel.hpp; sourceTree = "<group>"; };
		93A781411FD4848100E53303 /* Leihartikel.cpp */ = {isa = PBXFileReference; fileEncoding = 4; lastKnownFileType = sourcecode.cpp.cpp; name = Leihartikel.cpp; path = lib/Leihartikel.cpp; sourceTree = "<group>"; };
		93A781421FD4848100E53303 /* Leihartikel.hpp */ = {isa = PBXFileReference; fileEncoding = 4; lastKnownFileType = sourcecode.cpp.h; name = Leihartikel.hpp; path = lib/Leihartikel.hpp; sourceTree = "<group>"; };
		93CE91EB1F72794600A7C0D1 /* C09.cpp */ = {isa = PBXFileReference; fileEncoding = 4; lastKnownFileType = sourcecode.cpp.cpp; path = C09.cpp; sourceTree = "<group>"; };
		93CE91EC1F72794600A7C0D1 /* C09.hpp */ = {isa = PBXFileReference; fileEncoding = 4; lastKnownFileType = sourcecode.cpp.h; path = C09.hpp; sourceTree = "<group>"; };
		93D7C6A01FD94A0700790BE5 /* DreiDFigur.cpp */ = {isa = PBXFileReference; lastKnownFileType = sourcecode.cpp.cpp; path = DreiDFigur.cpp; sourceTree = "<group>"; };
		93D7C6A11FD94A0700790BE5 /* DreiDFigur.hpp */ = {isa = PBXFileReference; lastKnownFileType = sourcecode.cpp.h; path = DreiDFigur.hpp; sourceTree = "<group>"; };
		93E2DF3A1F9685BB0014BEC6 /* KfzPersonentransportfahrzeug.cpp */ = {isa = PBXFileReference; fileEncoding = 4; lastKnownFileType = sourcecode.cpp.cpp; path = KfzPersonentransportfahrzeug.cpp; sourceTree = "<group>"; };
		93E2DF3B1F9685BB0014BEC6 /* KfzPersonentransportfahrzeug.hpp */ = {isa = PBXFileReference; fileEncoding = 4; lastKnownFileType = sourcecode.cpp.h; path = KfzPersonentransportfahrzeug.hpp; sourceTree = "<group>"; };
		93E2DF3D1F968D410014BEC6 /* KfzBus.cpp */ = {isa = PBXFileReference; fileEncoding = 4; lastKnownFileType = sourcecode.cpp.cpp; path = KfzBus.cpp; sourceTree = "<group>"; };
		93E2DF3E1F968D410014BEC6 /* KfzBus.hpp */ = {isa = PBXFileReference; fileEncoding = 4; lastKnownFileType = sourcecode.cpp.h; path = KfzBus.hpp; sourceTree = "<group>"; };
		93E2DF401F9692290014BEC6 /* KfzPkw.cpp */ = {isa = PBXFileReference; fileEncoding = 4; lastKnownFileType = sourcecode.cpp.cpp; path = KfzPkw.cpp; sourceTree = "<group>"; };
		93E2DF411F9692290014BEC6 /* KfzPkw.hpp */ = {isa = PBXFileReference; fileEncoding = 4; lastKnownFileType = sourcecode.cpp.h; path = KfzPkw.hpp; sourceTree = "<group>"; };
		93E2DF431F9696BB0014BEC6 /* KfzLkw.cpp */ = {isa = PBXFileReference; fileEncoding = 4; lastKnownFileType = sourcecode.cpp.cpp; path = KfzLkw.cpp; sourceTree = "<group>"; };
		93E2DF441F9696BB0014BEC6 /* KfzLkw.hpp */ = {isa = PBXFileReference; fileEncoding = 4; lastKnownFileType = sourcecode.cpp.h; path = KfzLkw.hpp; sourceTree = "<group>"; };
		93EE58231F989984004729AE /* Schachfigur.cpp */ = {isa = PBXFileReference; fileEncoding = 4; lastKnownFileType = sourcecode.cpp.cpp; path = Schachfigur.cpp; sourceTree = "<group>"; };
		93EE58241F989984004729AE /* Schachfigur.hpp */ = {isa = PBXFileReference; fileEncoding = 4; lastKnownFileType = sourcecode.cpp.h; path = Schachfigur.hpp; sourceTree = "<group>"; };
		93EE58261F989CA1004729AE /* SchachfigurSpringer.cpp */ = {isa = PBXFileReference; fileEncoding = 4; lastKnownFileType = sourcecode.cpp.cpp; path = SchachfigurSpringer.cpp; sourceTree = "<group>"; };
		93EE58271F989CA1004729AE /* SchachfigurSpringer.hpp */ = {isa = PBXFileReference; fileEncoding = 4; lastKnownFileType = sourcecode.cpp.h; path = SchachfigurSpringer.hpp; sourceTree = "<group>"; };
		93F981481F59D7580045CEBB /* C06.cpp */ = {isa = PBXFileReference; fileEncoding = 4; lastKnownFileType = sourcecode.cpp.cpp; path = C06.cpp; sourceTree = "<group>"; };
		93F981491F59D7580045CEBB /* C06.hpp */ = {isa = PBXFileReference; fileEncoding = 4; lastKnownFileType = sourcecode.cpp.h; path = C06.hpp; sourceTree = "<group>"; };
/* End PBXFileReference section */

/* Begin PBXFrameworksBuildPhase section */
		936E379C1F589684000FD529 /* Frameworks */ = {
			isa = PBXFrameworksBuildPhase;
			buildActionMask = 2147483647;
			files = (
			);
			runOnlyForDeploymentPostprocessing = 0;
		};
/* End PBXFrameworksBuildPhase section */

/* Begin PBXGroup section */
		93106B2F1F856724004CFF33 /* lib */ = {
			isa = PBXGroup;
			children = (
				93642CF41FB454B400472F4D /* shapes */,
				93106B421F859491004CFF33 /* DynArray.cpp */,
				93106B431F859491004CFF33 /* DynArray.hpp */,
				93642CF61FB4555800472F4D /* kfz */,
				93642CF71FB4558500472F4D /* chess */,
				93642CF81FB4559100472F4D /* mitarbeiter */,
			);
			path = lib;
			sourceTree = "<group>";
		};
		934542EF1F9176CF0034155E /* doc */ = {
			isa = PBXGroup;
			children = (
				934E4E281FD7E4AF004821DD /* 2D_Figuren.png */,
				934E4E291FD7E4AF004821DD /* 2D_Figuren.xml */,
				932858341FD72E4100BCD6EB /* 3D_Figuren.xml */,
				932858351FD72E4100BCD6EB /* 3D_Figuren.png */,
				934542F01F9176CF0034155E /* ClassKfz.png */,
				934542F11F9176CF0034155E /* ClassKfz.xml */,
				934542F21F9176CF0034155E /* ClassMitarbeiter.png */,
				934542F31F9176CF0034155E /* ClassMitarbeiter.xml */,
				934542F41F9176CF0034155E /* Medien.png */,
				934542F51F9176CF0034155E /* Medien.xml */,
			);
			path = doc;
			sourceTree = "<group>";
		};
		93642CF41FB454B400472F4D /* shapes */ = {
			isa = PBXGroup;
			children = (
				932858361FD7375F00BCD6EB /* Figur.cpp */,
				932858371FD7375F00BCD6EB /* Figur.hpp */,
				9328583A1FD7398C00BCD6EB /* Stern.cpp */,
				9328583B1FD7398C00BCD6EB /* Stern.hpp */,
				93D7C6A01FD94A0700790BE5 /* DreiDFigur.cpp */,
				93D7C6A11FD94A0700790BE5 /* DreiDFigur.hpp */,
				93642CFC1FB456AB00472F4D /* ZweiDFigur.cpp */,
				93642CFD1FB456AB00472F4D /* ZweiDFigur.hpp */,
				93106B361F8571BD004CFF33 /* Rechteck.cpp */,
				93106B371F8571BD004CFF33 /* Rechteck.hpp */,
				93106B331F856B3B004CFF33 /* Kreis.cpp */,
				93106B341F856B3B004CFF33 /* Kreis.hpp */,
				9347EAA31F8EC6AF00067343 /* Dreieck.cpp */,
				9347EAA41F8EC6AF00067343 /* Dreieck.hpp */,
				93642CFF1FB458DE00472F4D /* NEck.cpp */,
				93642D001FB458DE00472F4D /* NEck.hpp */,
				93106B3F1F858F26004CFF33 /* Kugel.cpp */,
				93106B401F858F26004CFF33 /* Kugel.hpp */,
			);
			path = shapes;
			sourceTree = "<group>";
		};
		93642CF61FB4555800472F4D /* kfz */ = {
			isa = PBXGroup;
			children = (
				93106B391F85738C004CFF33 /* Kfz.cpp */,
				93106B3A1F85738C004CFF33 /* Kfz.hpp */,
				93E2DF3D1F968D410014BEC6 /* KfzBus.cpp */,
				93E2DF3E1F968D410014BEC6 /* KfzBus.hpp */,
				93E2DF401F9692290014BEC6 /* KfzPkw.cpp */,
				93E2DF411F9692290014BEC6 /* KfzPkw.hpp */,
				93E2DF431F9696BB0014BEC6 /* KfzLkw.cpp */,
				93E2DF441F9696BB0014BEC6 /* KfzLkw.hpp */,
				93E2DF3A1F9685BB0014BEC6 /* KfzPersonentransportfahrzeug.cpp */,
				93E2DF3B1F9685BB0014BEC6 /* KfzPersonentransportfahrzeug.hpp */,
			);
			name = kfz;
			sourceTree = "<group>";
		};
		93642CF71FB4558500472F4D /* chess */ = {
			isa = PBXGroup;
			children = (
				9376D7781FBD7DFE0007FC13 /* Schachbrett.cpp */,
				9376D7791FBD7DFE0007FC13 /* Schachbrett.hpp */,
				93EE58261F989CA1004729AE /* SchachfigurSpringer.cpp */,
				93EE58271F989CA1004729AE /* SchachfigurSpringer.hpp */,
				93EE58231F989984004729AE /* Schachfigur.cpp */,
				93EE58241F989984004729AE /* Schachfigur.hpp */,
			);
			name = chess;
			sourceTree = "<group>";
		};
		93642CF81FB4559100472F4D /* mitarbeiter */ = {
			isa = PBXGroup;
			children = (
				933457FA1F90092C00C6C50E /* MitarbeiterManager.cpp */,
				933457FB1F90092C00C6C50E /* MitarbeiterManager.hpp */,
				933457F61F8FFDB900C6C50E /* MitarbeiterMalocher.cpp */,
				933457F71F8FFDB900C6C50E /* MitarbeiterMalocher.hpp */,
				9332E21E1F8F62DA008FA89B /* MitarbeiterHengst.cpp */,
				9332E21F1F8F62DA008FA89B /* MitarbeiterHengst.hpp */,
				93106B301F856724004CFF33 /* Mitarbeiter.cpp */,
				93106B311F856724004CFF33 /* Mitarbeiter.hpp */,
			);
			name = mitarbeiter;
			sourceTree = "<group>";
		};
		936E37961F589684000FD529 = {
			isa = PBXGroup;
			children = (
				936E37A11F589684000FD529 /* ae_bwv_sophomore */,
			);
			sourceTree = "<group>";
		};
		936E37A01F589684000FD529 /* Products */ = {
			isa = PBXGroup;
			children = (
				936E379F1F589684000FD529 /* ae_bwv_sophomore */,
			);
			name = Products;
			path = ..;
			sourceTree = "<group>";
		};
		936E37A11F589684000FD529 /* ae_bwv_sophomore */ = {
			isa = PBXGroup;
			children = (
				9382D5111FD48EF700828A03 /* artikel */,
				934542EF1F9176CF0034155E /* doc */,
				93106B2F1F856724004CFF33 /* lib */,
				93F981471F59D7580045CEBB /* chapters */,
				936E37A21F589684000FD529 /* main.cpp */,
				936E37A01F589684000FD529 /* Products */,
			);
			path = ae_bwv_sophomore;
			sourceTree = "<group>";
		};
		9382D5111FD48EF700828A03 /* artikel */ = {
			isa = PBXGroup;
			children = (
				93106B3C1F857AD0004CFF33 /* Datum.cpp */,
				93106B3D1F857AD0004CFF33 /* Datum.hpp */,
				93A7813E1FD4847900E53303 /* Artikel.cpp */,
				93A7813F1FD4847900E53303 /* Artikel.hpp */,
				93A781411FD4848100E53303 /* Leihartikel.cpp */,
				93A781421FD4848100E53303 /* Leihartikel.hpp */,
			);
			name = artikel;
			sourceTree = "<group>";
		};
		93F981471F59D7580045CEBB /* chapters */ = {
			isa = PBXGroup;
			children = (
				93831E6B1F61FAE600011478 /* lib.cpp */,
				93831E6C1F61FAE600011478 /* lib.hpp */,
				93CE91EB1F72794600A7C0D1 /* C09.cpp */,
				93CE91EC1F72794600A7C0D1 /* C09.hpp */,
				93831E681F61FA8D00011478 /* C08.cpp */,
				93831E691F61FA8D00011478 /* C08.hpp */,
				930CF09C1F5F5C60000B525E /* C07.cpp */,
				930CF09D1F5F5C60000B525E /* C07.hpp */,
				93F981481F59D7580045CEBB /* C06.cpp */,
				93F981491F59D7580045CEBB /* C06.hpp */,
			);
			path = chapters;
			sourceTree = "<group>";
		};
/* End PBXGroup section */

/* Begin PBXNativeTarget section */
		936E379E1F589684000FD529 /* ae_bwv_sophomore */ = {
			isa = PBXNativeTarget;
			buildConfigurationList = 936E37A61F589684000FD529 /* Build configuration list for PBXNativeTarget "ae_bwv_sophomore" */;
			buildPhases = (
				936E379B1F589684000FD529 /* Sources */,
				936E379C1F589684000FD529 /* Frameworks */,
				936E379D1F589684000FD529 /* CopyFiles */,
			);
			buildRules = (
			);
			dependencies = (
			);
			name = ae_bwv_sophomore;
			productName = ae_bwv_sophomore;
			productReference = 936E379F1F589684000FD529 /* ae_bwv_sophomore */;
			productType = "com.apple.product-type.tool";
		};
/* End PBXNativeTarget section */

/* Begin PBXProject section */
		936E37971F589684000FD529 /* Project object */ = {
			isa = PBXProject;
			attributes = {
				LastUpgradeCheck = 0920;
				TargetAttributes = {
					936E379E1F589684000FD529 = {
						CreatedOnToolsVersion = 8.3.3;
						ProvisioningStyle = Automatic;
					};
				};
			};
			buildConfigurationList = 936E379A1F589684000FD529 /* Build configuration list for PBXProject "ae_bwv_sophomore" */;
			compatibilityVersion = "Xcode 3.2";
			developmentRegion = English;
			hasScannedForEncodings = 0;
			knownRegions = (
				en,
			);
			mainGroup = 936E37961F589684000FD529;
			productRefGroup = 936E37A01F589684000FD529 /* Products */;
			projectDirPath = "";
			projectRoot = "";
			targets = (
				936E379E1F589684000FD529 /* ae_bwv_sophomore */,
			);
		};
/* End PBXProject section */

/* Begin PBXSourcesBuildPhase section */
		936E379B1F589684000FD529 /* Sources */ = {
			isa = PBXSourcesBuildPhase;
			buildActionMask = 2147483647;
			files = (
				93106B321F856724004CFF33 /* Mitarbeiter.cpp in Sources */,
				93EE58251F989984004729AE /* Schachfigur.cpp in Sources */,
				93CE91ED1F72794600A7C0D1 /* C09.cpp in Sources */,
				93A781401FD4847900E53303 /* Artikel.cpp in Sources */,
				93106B441F859491004CFF33 /* DynArray.cpp in Sources */,
				9347EAA51F8EC6AF00067343 /* Dreieck.cpp in Sources */,
				93A781431FD4848100E53303 /* Leihartikel.cpp in Sources */,
				93831E6D1F61FAE600011478 /* lib.cpp in Sources */,
				93D7C6A21FD94A0700790BE5 /* DreiDFigur.cpp in Sources */,
				930CF09E1F5F5C60000B525E /* C07.cpp in Sources */,
				936E37A31F589684000FD529 /* main.cpp in Sources */,
				93F9814A1F59D7580045CEBB /* C06.cpp in Sources */,
				93642D011FB458DE00472F4D /* NEck.cpp in Sources */,
				93106B351F856B3B004CFF33 /* Kreis.cpp in Sources */,
				93EE58281F989CA1004729AE /* SchachfigurSpringer.cpp in Sources */,
				9328583C1FD7398C00BCD6EB /* Stern.cpp in Sources */,
				93106B381F8571BD004CFF33 /* Rechteck.cpp in Sources */,
				93E2DF3F1F968D410014BEC6 /* KfzBus.cpp in Sources */,
				932858381FD7375F00BCD6EB /* Figur.cpp in Sources */,
				93E2DF3C1F9685BB0014BEC6 /* KfzPersonentransportfahrzeug.cpp in Sources */,
				93E2DF421F9692290014BEC6 /* KfzPkw.cpp in Sources */,
				93642CFE1FB456AB00472F4D /* ZweiDFigur.cpp in Sources */,
				9332E2201F8F62DA008FA89B /* MitarbeiterHengst.cpp in Sources */,
				933457F81F8FFDB900C6C50E /* MitarbeiterMalocher.cpp in Sources */,
				93E2DF451F9696BB0014BEC6 /* KfzLkw.cpp in Sources */,
				93831E6A1F61FA8D00011478 /* C08.cpp in Sources */,
				93106B3E1F857AD0004CFF33 /* Datum.cpp in Sources */,
				933457FC1F90092C00C6C50E /* MitarbeiterManager.cpp in Sources */,
				9376D77A1FBD7DFE0007FC13 /* Schachbrett.cpp in Sources */,
				93106B411F858F26004CFF33 /* Kugel.cpp in Sources */,
				93106B3B1F85738C004CFF33 /* Kfz.cpp in Sources */,
			);
			runOnlyForDeploymentPostprocessing = 0;
		};
/* End PBXSourcesBuildPhase section */

/* Begin XCBuildConfiguration section */
		936E37A41F589684000FD529 /* Debug */ = {
			isa = XCBuildConfiguration;
			buildSettings = {
				ALWAYS_SEARCH_USER_PATHS = NO;
				CLANG_ANALYZER_NONNULL = YES;
				CLANG_ANALYZER_NUMBER_OBJECT_CONVERSION = YES_AGGRESSIVE;
				CLANG_CXX_LANGUAGE_STANDARD = "gnu++0x";
				CLANG_CXX_LIBRARY = "libc++";
				CLANG_ENABLE_MODULES = YES;
				CLANG_ENABLE_OBJC_ARC = YES;
				CLANG_WARN_BLOCK_CAPTURE_AUTORELEASING = YES;
				CLANG_WARN_BOOL_CONVERSION = YES;
				CLANG_WARN_COMMA = YES;
				CLANG_WARN_CONSTANT_CONVERSION = YES;
				CLANG_WARN_DIRECT_OBJC_ISA_USAGE = YES_ERROR;
				CLANG_WARN_DOCUMENTATION_COMMENTS = YES;
				CLANG_WARN_EMPTY_BODY = YES;
				CLANG_WARN_ENUM_CONVERSION = YES;
				CLANG_WARN_INFINITE_RECURSION = YES;
				CLANG_WARN_INT_CONVERSION = YES;
				CLANG_WARN_NON_LITERAL_NULL_CONVERSION = YES;
				CLANG_WARN_OBJC_LITERAL_CONVERSION = YES;
				CLANG_WARN_OBJC_ROOT_CLASS = YES_ERROR;
				CLANG_WARN_RANGE_LOOP_ANALYSIS = YES;
				CLANG_WARN_STRICT_PROTOTYPES = YES;
				CLANG_WARN_SUSPICIOUS_MOVE = YES;
				CLANG_WARN_UNREACHABLE_CODE = YES;
				CLANG_WARN__DUPLICATE_METHOD_MATCH = YES;
				CODE_SIGN_IDENTITY = "-";
				COPY_PHASE_STRIP = NO;
				DEBUG_INFORMATION_FORMAT = dwarf;
				ENABLE_STRICT_OBJC_MSGSEND = YES;
				ENABLE_TESTABILITY = YES;
				GCC_C_LANGUAGE_STANDARD = gnu99;
				GCC_DYNAMIC_NO_PIC = NO;
				GCC_NO_COMMON_BLOCKS = YES;
				GCC_OPTIMIZATION_LEVEL = 0;
				GCC_PREPROCESSOR_DEFINITIONS = (
					"DEBUG=1",
					"$(inherited)",
				);
				GCC_WARN_64_TO_32_BIT_CONVERSION = YES;
				GCC_WARN_ABOUT_RETURN_TYPE = YES_ERROR;
				GCC_WARN_UNDECLARED_SELECTOR = YES;
				GCC_WARN_UNINITIALIZED_AUTOS = YES_AGGRESSIVE;
				GCC_WARN_UNUSED_FUNCTION = YES;
				GCC_WARN_UNUSED_VARIABLE = YES;
				MACOSX_DEPLOYMENT_TARGET = 10.12;
				MTL_ENABLE_DEBUG_INFO = YES;
				ONLY_ACTIVE_ARCH = YES;
				SDKROOT = macosx;
			};
			name = Debug;
		};
		936E37A51F589684000FD529 /* Release */ = {
			isa = XCBuildConfiguration;
			buildSettings = {
				ALWAYS_SEARCH_USER_PATHS = NO;
				CLANG_ANALYZER_NONNULL = YES;
				CLANG_ANALYZER_NUMBER_OBJECT_CONVERSION = YES_AGGRESSIVE;
				CLANG_CXX_LANGUAGE_STANDARD = "gnu++0x";
				CLANG_CXX_LIBRARY = "libc++";
				CLANG_ENABLE_MODULES = YES;
				CLANG_ENABLE_OBJC_ARC = YES;
				CLANG_WARN_BLOCK_CAPTURE_AUTORELEASING = YES;
				CLANG_WARN_BOOL_CONVERSION = YES;
				CLANG_WARN_COMMA = YES;
				CLANG_WARN_CONSTANT_CONVERSION = YES;
				CLANG_WARN_DIRECT_OBJC_ISA_USAGE = YES_ERROR;
				CLANG_WARN_DOCUMENTATION_COMMENTS = YES;
				CLANG_WARN_EMPTY_BODY = YES;
				CLANG_WARN_ENUM_CONVERSION = YES;
				CLANG_WARN_INFINITE_RECURSION = YES;
				CLANG_WARN_INT_CONVERSION = YES;
				CLANG_WARN_NON_LITERAL_NULL_CONVERSION = YES;
				CLANG_WARN_OBJC_LITERAL_CONVERSION = YES;
				CLANG_WARN_OBJC_ROOT_CLASS = YES_ERROR;
				CLANG_WARN_RANGE_LOOP_ANALYSIS = YES;
				CLANG_WARN_STRICT_PROTOTYPES = YES;
				CLANG_WARN_SUSPICIOUS_MOVE = YES;
				CLANG_WARN_UNREACHABLE_CODE = YES;
				CLANG_WARN__DUPLICATE_METHOD_MATCH = YES;
				CODE_SIGN_IDENTITY = "-";
				COPY_PHASE_STRIP = NO;
				DEBUG_INFORMATION_FORMAT = "dwarf-with-dsym";
				ENABLE_NS_ASSERTIONS = NO;
				ENABLE_STRICT_OBJC_MSGSEND = YES;
				GCC_C_LANGUAGE_STANDARD = gnu99;
				GCC_NO_COMMON_BLOCKS = YES;
				GCC_WARN_64_TO_32_BIT_CONVERSION = YES;
				GCC_WARN_ABOUT_RETURN_TYPE = YES_ERROR;
				GCC_WARN_UNDECLARED_SELECTOR = YES;
				GCC_WARN_UNINITIALIZED_AUTOS = YES_AGGRESSIVE;
				GCC_WARN_UNUSED_FUNCTION = YES;
				GCC_WARN_UNUSED_VARIABLE = YES;
				MACOSX_DEPLOYMENT_TARGET = 10.12;
				MTL_ENABLE_DEBUG_INFO = NO;
				SDKROOT = macosx;
			};
			name = Release;
		};
		936E37A71F589684000FD529 /* Debug */ = {
			isa = XCBuildConfiguration;
			buildSettings = {
				PRODUCT_NAME = "$(TARGET_NAME)";
			};
			name = Debug;
		};
		936E37A81F589684000FD529 /* Release */ = {
			isa = XCBuildConfiguration;
			buildSettings = {
				PRODUCT_NAME = "$(TARGET_NAME)";
			};
			name = Release;
		};
/* End XCBuildConfiguration section */

/* Begin XCConfigurationList section */
		936E379A1F589684000FD529 /* Build configuration list for PBXProject "ae_bwv_sophomore" */ = {
			isa = XCConfigurationList;
			buildConfigurations = (
				936E37A41F589684000FD529 /* Debug */,
				936E37A51F589684000FD529 /* Release */,
			);
			defaultConfigurationIsVisible = 0;
			defaultConfigurationName = Release;
		};
		936E37A61F589684000FD529 /* Build configuration list for PBXNativeTarget "ae_bwv_sophomore" */ = {
			isa = XCConfigurationList;
			buildConfigurations = (
				936E37A71F589684000FD529 /* Debug */,
				936E37A81F589684000FD529 /* Release */,
			);
			defaultConfigurationIsVisible = 0;
			defaultConfigurationName = Release;
		};
/* End XCConfigurationList section */
	};
	rootObject = 936E37971F589684000FD529 /* Project object */;
}
